
Microsoft Visual Studio Solution File, Format Version 12.00
# Visual Studio Version 17
VisualStudioVersion = 17.13.35806.99 d17.13
MinimumVisualStudioVersion = 10.0.40219.1
Project("{FAE04EC0-301F-11D3-BF4B-00C04F79EFBC}") = "Exercicio.API", "Exercicio.API\Exercicio.API.csproj", "{1BA7B8DA-B265-400D-BA45-1F74B14C8E7B}"
EndProject
Global
	GlobalSection(SolutionConfigurationPlatforms) = preSolution
		Debug|Any CPU = Debug|Any CPU
		Release|Any CPU = Release|Any CPU
	EndGlobalSection
	GlobalSection(ProjectConfigurationPlatforms) = postSolution
		{1BA7B8DA-B265-400D-BA45-1F74B14C8E7B}.Debug|Any CPU.ActiveCfg = Debug|Any CPU
		{1BA7B8DA-B265-400D-BA45-1F74B14C8E7B}.Debug|Any CPU.Build.0 = Debug|Any CPU
		{1BA7B8DA-B265-400D-BA45-1F74B14C8E7B}.Release|Any CPU.ActiveCfg = Release|Any CPU
		{1BA7B8DA-B265-400D-BA45-1F74B14C8E7B}.Release|Any CPU.Build.0 = Release|Any CPU
	EndGlobalSection
	GlobalSection(SolutionProperties) = preSolution
		HideSolutionNode = FALSE
	EndGlobalSection
	GlobalSection(ExtensibilityGlobals) = postSolution
		SolutionGuid = {1F34B664-A3DB-4FB1-A409-3F66AB76AFB8}
	EndGlobalSection
EndGlobal
